
Microsoft Visual Studio Solution File, Format Version 12.00
# Visual Studio Version 17
VisualStudioVersion = 17.5.33424.131
MinimumVisualStudioVersion = 10.0.40219.1
Project("{2150E333-8FDC-42A3-9474-1A3956D46DE8}") = "src", "src", "{D74C876D-CE05-484D-A820-937D7B520611}"
EndProject
Project("{2150E333-8FDC-42A3-9474-1A3956D46DE8}") = "test", "test", "{417F2C94-1040-435F-B453-871A13A0D978}"
EndProject
Project("{2150E333-8FDC-42A3-9474-1A3956D46DE8}") = "samples", "samples", "{A3FEF07C-CDBF-46CB-AFCA-16660DF2967D}"
EndProject
Project("{9A19103F-16F7-4668-BE54-9A1E7A4F7556}") = "LLamaSharp", "src\LLama\LLamaSharp.csproj", "{F9FDBF5D-D3F5-4DF8-A17A-8529EDCD7545}"
EndProject
Project("{9A19103F-16F7-4668-BE54-9A1E7A4F7556}") = "LLama.Experimental", "src\LLama.Experimental\LLama.Experimental.csproj", "{201CC620-E057-49EB-86C4-F3C469E810D5}"
EndProject
Project("{9A19103F-16F7-4668-BE54-9A1E7A4F7556}") = "LLamaSharp.KernelMemory", "src\LLama.KernelMemory\LLamaSharp.KernelMemory.csproj", "{21565ECF-1EB4-4576-B536-ADC6E572B962}"
EndProject
Project("{9A19103F-16F7-4668-BE54-9A1E7A4F7556}") = "LLamaSharp.SemanticKernel", "src\LLama.SemanticKernel\LLamaSharp.SemanticKernel.csproj", "{ACA49A35-2C9B-431F-B1D8-924548DA2D3A}"
EndProject
Project("{9A19103F-16F7-4668-BE54-9A1E7A4F7556}") = "LLama.Examples", "samples\LLama.Examples\LLama.Examples.csproj", "{ACE00BF4-4A64-4A11-A59D-BD2690B37033}"
EndProject
Project("{9A19103F-16F7-4668-BE54-9A1E7A4F7556}") = "LLama.Benchmark", "test\LLama.Benchmark\LLama.Benchmark.csproj", "{EA27095A-2C30-4C03-AE03-4F780E418DC8}"
EndProject
Project("{9A19103F-16F7-4668-BE54-9A1E7A4F7556}") = "LLama.Unittest", "test\LLama.Unittest\LLama.Unittest.csproj", "{52AACF4A-7ABD-4D04-AE67-115F02FFFA6F}"
EndProject
Project("{9A19103F-16F7-4668-BE54-9A1E7A4F7556}") = "LLama.Web", "samples\LLama.Web\LLama.Web.csproj", "{AEDAAF0A-A7DF-44CA-9281-42808731648C}"
EndProject
Project("{9A19103F-16F7-4668-BE54-9A1E7A4F7556}") = "LLama.WebAPI", "samples\LLama.WebAPI\LLama.WebAPI.csproj", "{B85DE594-48EE-4E3C-8195-829F85F8D360}"
EndProject
Global
	GlobalSection(SolutionConfigurationPlatforms) = preSolution
		Debug|Any CPU = Debug|Any CPU
		Debug|Arm64 = Debug|Arm64
		Debug|x64 = Debug|x64
		GPU|Any CPU = GPU|Any CPU
		GPU|Arm64 = GPU|Arm64
		GPU|x64 = GPU|x64
		Release|Any CPU = Release|Any CPU
		Release|Arm64 = Release|Arm64
		Release|x64 = Release|x64
	EndGlobalSection
	GlobalSection(ProjectConfigurationPlatforms) = postSolution
		{F9FDBF5D-D3F5-4DF8-A17A-8529EDCD7545}.Debug|Any CPU.ActiveCfg = Debug|Any CPU
		{F9FDBF5D-D3F5-4DF8-A17A-8529EDCD7545}.Debug|Any CPU.Build.0 = Debug|Any CPU
		{F9FDBF5D-D3F5-4DF8-A17A-8529EDCD7545}.Debug|Arm64.ActiveCfg = Debug|Arm64
		{F9FDBF5D-D3F5-4DF8-A17A-8529EDCD7545}.Debug|Arm64.Build.0 = Debug|Arm64
		{F9FDBF5D-D3F5-4DF8-A17A-8529EDCD7545}.Debug|x64.ActiveCfg = Debug|x64
		{F9FDBF5D-D3F5-4DF8-A17A-8529EDCD7545}.Debug|x64.Build.0 = Debug|x64
		{F9FDBF5D-D3F5-4DF8-A17A-8529EDCD7545}.GPU|Any CPU.ActiveCfg = GPU|Any CPU
		{F9FDBF5D-D3F5-4DF8-A17A-8529EDCD7545}.GPU|Any CPU.Build.0 = GPU|Any CPU
		{F9FDBF5D-D3F5-4DF8-A17A-8529EDCD7545}.GPU|Arm64.ActiveCfg = GPU|Arm64
		{F9FDBF5D-D3F5-4DF8-A17A-8529EDCD7545}.GPU|Arm64.Build.0 = GPU|Arm64
		{F9FDBF5D-D3F5-4DF8-A17A-8529EDCD7545}.GPU|x64.ActiveCfg = GPU|x64
		{F9FDBF5D-D3F5-4DF8-A17A-8529EDCD7545}.GPU|x64.Build.0 = GPU|x64
		{F9FDBF5D-D3F5-4DF8-A17A-8529EDCD7545}.Release|Any CPU.ActiveCfg = Release|Any CPU
		{F9FDBF5D-D3F5-4DF8-A17A-8529EDCD7545}.Release|Any CPU.Build.0 = Release|Any CPU
		{F9FDBF5D-D3F5-4DF8-A17A-8529EDCD7545}.Release|Arm64.ActiveCfg = Release|Arm64
		{F9FDBF5D-D3F5-4DF8-A17A-8529EDCD7545}.Release|Arm64.Build.0 = Release|Arm64
		{F9FDBF5D-D3F5-4DF8-A17A-8529EDCD7545}.Release|x64.ActiveCfg = Release|x64
		{F9FDBF5D-D3F5-4DF8-A17A-8529EDCD7545}.Release|x64.Build.0 = Release|x64
		{201CC620-E057-49EB-86C4-F3C469E810D5}.Debug|Any CPU.ActiveCfg = Debug|Any CPU
		{201CC620-E057-49EB-86C4-F3C469E810D5}.Debug|Any CPU.Build.0 = Debug|Any CPU
		{201CC620-E057-49EB-86C4-F3C469E810D5}.Debug|Arm64.ActiveCfg = Debug|Arm64
		{201CC620-E057-49EB-86C4-F3C469E810D5}.Debug|Arm64.Build.0 = Debug|Arm64
		{201CC620-E057-49EB-86C4-F3C469E810D5}.Debug|x64.ActiveCfg = Debug|x64
		{201CC620-E057-49EB-86C4-F3C469E810D5}.Debug|x64.Build.0 = Debug|x64
		{201CC620-E057-49EB-86C4-F3C469E810D5}.GPU|Any CPU.ActiveCfg = GPU|Any CPU
		{201CC620-E057-49EB-86C4-F3C469E810D5}.GPU|Any CPU.Build.0 = GPU|Any CPU
		{201CC620-E057-49EB-86C4-F3C469E810D5}.GPU|Arm64.ActiveCfg = GPU|Arm64
		{201CC620-E057-49EB-86C4-F3C469E810D5}.GPU|Arm64.Build.0 = GPU|Arm64
		{201CC620-E057-49EB-86C4-F3C469E810D5}.GPU|x64.ActiveCfg = GPU|x64
		{201CC620-E057-49EB-86C4-F3C469E810D5}.GPU|x64.Build.0 = GPU|x64
		{201CC620-E057-49EB-86C4-F3C469E810D5}.Release|Any CPU.ActiveCfg = Release|Any CPU
		{201CC620-E057-49EB-86C4-F3C469E810D5}.Release|Any CPU.Build.0 = Release|Any CPU
		{201CC620-E057-49EB-86C4-F3C469E810D5}.Release|Arm64.ActiveCfg = Release|Arm64
		{201CC620-E057-49EB-86C4-F3C469E810D5}.Release|Arm64.Build.0 = Release|Arm64
		{201CC620-E057-49EB-86C4-F3C469E810D5}.Release|x64.ActiveCfg = Release|x64
		{201CC620-E057-49EB-86C4-F3C469E810D5}.Release|x64.Build.0 = Release|x64
		{21565ECF-1EB4-4576-B536-ADC6E572B962}.Debug|Any CPU.ActiveCfg = Debug|Any CPU
		{21565ECF-1EB4-4576-B536-ADC6E572B962}.Debug|Any CPU.Build.0 = Debug|Any CPU
		{21565ECF-1EB4-4576-B536-ADC6E572B962}.Debug|Arm64.ActiveCfg = Debug|Arm64
		{21565ECF-1EB4-4576-B536-ADC6E572B962}.Debug|Arm64.Build.0 = Debug|Arm64
		{21565ECF-1EB4-4576-B536-ADC6E572B962}.Debug|x64.ActiveCfg = Debug|x64
		{21565ECF-1EB4-4576-B536-ADC6E572B962}.Debug|x64.Build.0 = Debug|x64
		{21565ECF-1EB4-4576-B536-ADC6E572B962}.GPU|Any CPU.ActiveCfg = GPU|Any CPU
		{21565ECF-1EB4-4576-B536-ADC6E572B962}.GPU|Any CPU.Build.0 = GPU|Any CPU
		{21565ECF-1EB4-4576-B536-ADC6E572B962}.GPU|Arm64.ActiveCfg = GPU|Arm64
		{21565ECF-1EB4-4576-B536-ADC6E572B962}.GPU|Arm64.Build.0 = GPU|Arm64
		{21565ECF-1EB4-4576-B536-ADC6E572B962}.GPU|x64.ActiveCfg = GPU|x64
		{21565ECF-1EB4-4576-B536-ADC6E572B962}.GPU|x64.Build.0 = GPU|x64
		{21565ECF-1EB4-4576-B536-ADC6E572B962}.Release|Any CPU.ActiveCfg = Release|Any CPU
		{21565ECF-1EB4-4576-B536-ADC6E572B962}.Release|Any CPU.Build.0 = Release|Any CPU
		{21565ECF-1EB4-4576-B536-ADC6E572B962}.Release|Arm64.ActiveCfg = Release|Arm64
		{21565ECF-1EB4-4576-B536-ADC6E572B962}.Release|Arm64.Build.0 = Release|Arm64
		{21565ECF-1EB4-4576-B536-ADC6E572B962}.Release|x64.ActiveCfg = Release|x64
		{21565ECF-1EB4-4576-B536-ADC6E572B962}.Release|x64.Build.0 = Release|x64
		{ACA49A35-2C9B-431F-B1D8-924548DA2D3A}.Debug|Any CPU.ActiveCfg = Debug|Any CPU
		{ACA49A35-2C9B-431F-B1D8-924548DA2D3A}.Debug|Any CPU.Build.0 = Debug|Any CPU
		{ACA49A35-2C9B-431F-B1D8-924548DA2D3A}.Debug|Arm64.ActiveCfg = Debug|Arm64
		{ACA49A35-2C9B-431F-B1D8-924548DA2D3A}.Debug|Arm64.Build.0 = Debug|Arm64
		{ACA49A35-2C9B-431F-B1D8-924548DA2D3A}.Debug|x64.ActiveCfg = Debug|x64
		{ACA49A35-2C9B-431F-B1D8-924548DA2D3A}.Debug|x64.Build.0 = Debug|x64
		{ACA49A35-2C9B-431F-B1D8-924548DA2D3A}.GPU|Any CPU.ActiveCfg = GPU|Any CPU
		{ACA49A35-2C9B-431F-B1D8-924548DA2D3A}.GPU|Any CPU.Build.0 = GPU|Any CPU
		{ACA49A35-2C9B-431F-B1D8-924548DA2D3A}.GPU|Arm64.ActiveCfg = GPU|Arm64
		{ACA49A35-2C9B-431F-B1D8-924548DA2D3A}.GPU|Arm64.Build.0 = GPU|Arm64
		{ACA49A35-2C9B-431F-B1D8-924548DA2D3A}.GPU|x64.ActiveCfg = GPU|x64
		{ACA49A35-2C9B-431F-B1D8-924548DA2D3A}.GPU|x64.Build.0 = GPU|x64
		{ACA49A35-2C9B-431F-B1D8-924548DA2D3A}.Release|Any CPU.ActiveCfg = Release|Any CPU
		{ACA49A35-2C9B-431F-B1D8-924548DA2D3A}.Release|Any CPU.Build.0 = Release|Any CPU
		{ACA49A35-2C9B-431F-B1D8-924548DA2D3A}.Release|Arm64.ActiveCfg = Release|Arm64
		{ACA49A35-2C9B-431F-B1D8-924548DA2D3A}.Release|Arm64.Build.0 = Release|Arm64
		{ACA49A35-2C9B-431F-B1D8-924548DA2D3A}.Release|x64.ActiveCfg = Release|x64
		{ACA49A35-2C9B-431F-B1D8-924548DA2D3A}.Release|x64.Build.0 = Release|x64
		{ACE00BF4-4A64-4A11-A59D-BD2690B37033}.Debug|Any CPU.ActiveCfg = Debug|Any CPU
		{ACE00BF4-4A64-4A11-A59D-BD2690B37033}.Debug|Any CPU.Build.0 = Debug|Any CPU
		{ACE00BF4-4A64-4A11-A59D-BD2690B37033}.Debug|Arm64.ActiveCfg = Debug|Any CPU
		{ACE00BF4-4A64-4A11-A59D-BD2690B37033}.Debug|Arm64.Build.0 = Debug|Any CPU
		{ACE00BF4-4A64-4A11-A59D-BD2690B37033}.Debug|x64.ActiveCfg = Debug|x64
		{ACE00BF4-4A64-4A11-A59D-BD2690B37033}.Debug|x64.Build.0 = Debug|x64
		{ACE00BF4-4A64-4A11-A59D-BD2690B37033}.GPU|Any CPU.ActiveCfg = Debug|Any CPU
		{ACE00BF4-4A64-4A11-A59D-BD2690B37033}.GPU|Any CPU.Build.0 = Debug|Any CPU
		{ACE00BF4-4A64-4A11-A59D-BD2690B37033}.GPU|Arm64.ActiveCfg = Debug|Any CPU
		{ACE00BF4-4A64-4A11-A59D-BD2690B37033}.GPU|Arm64.Build.0 = Debug|Any CPU
		{ACE00BF4-4A64-4A11-A59D-BD2690B37033}.GPU|x64.ActiveCfg = Debug|x64
		{ACE00BF4-4A64-4A11-A59D-BD2690B37033}.GPU|x64.Build.0 = Debug|x64
		{ACE00BF4-4A64-4A11-A59D-BD2690B37033}.Release|Any CPU.ActiveCfg = Release|Any CPU
		{ACE00BF4-4A64-4A11-A59D-BD2690B37033}.Release|Any CPU.Build.0 = Release|Any CPU
		{ACE00BF4-4A64-4A11-A59D-BD2690B37033}.Release|Arm64.ActiveCfg = Release|Any CPU
		{ACE00BF4-4A64-4A11-A59D-BD2690B37033}.Release|Arm64.Build.0 = Release|Any CPU
		{ACE00BF4-4A64-4A11-A59D-BD2690B37033}.Release|x64.ActiveCfg = Release|x64
		{ACE00BF4-4A64-4A11-A59D-BD2690B37033}.Release|x64.Build.0 = Release|x64
		{EA27095A-2C30-4C03-AE03-4F780E418DC8}.Debug|Any CPU.ActiveCfg = Debug|Any CPU
		{EA27095A-2C30-4C03-AE03-4F780E418DC8}.Debug|Any CPU.Build.0 = Debug|Any CPU
		{EA27095A-2C30-4C03-AE03-4F780E418DC8}.Debug|Arm64.ActiveCfg = Debug|Any CPU
		{EA27095A-2C30-4C03-AE03-4F780E418DC8}.Debug|Arm64.Build.0 = Debug|Any CPU
		{EA27095A-2C30-4C03-AE03-4F780E418DC8}.Debug|x64.ActiveCfg = Debug|Any CPU
		{EA27095A-2C30-4C03-AE03-4F780E418DC8}.Debug|x64.Build.0 = Debug|Any CPU
		{EA27095A-2C30-4C03-AE03-4F780E418DC8}.GPU|Any CPU.ActiveCfg = Debug|Any CPU
		{EA27095A-2C30-4C03-AE03-4F780E418DC8}.GPU|Any CPU.Build.0 = Debug|Any CPU
		{EA27095A-2C30-4C03-AE03-4F780E418DC8}.GPU|Arm64.ActiveCfg = Debug|Any CPU
		{EA27095A-2C30-4C03-AE03-4F780E418DC8}.GPU|Arm64.Build.0 = Debug|Any CPU
		{EA27095A-2C30-4C03-AE03-4F780E418DC8}.GPU|x64.ActiveCfg = Debug|Any CPU
		{EA27095A-2C30-4C03-AE03-4F780E418DC8}.GPU|x64.Build.0 = Debug|Any CPU
		{EA27095A-2C30-4C03-AE03-4F780E418DC8}.Release|Any CPU.ActiveCfg = Release|Any CPU
		{EA27095A-2C30-4C03-AE03-4F780E418DC8}.Release|Any CPU.Build.0 = Release|Any CPU
		{EA27095A-2C30-4C03-AE03-4F780E418DC8}.Release|Arm64.ActiveCfg = Release|Any CPU
		{EA27095A-2C30-4C03-AE03-4F780E418DC8}.Release|Arm64.Build.0 = Release|Any CPU
		{EA27095A-2C30-4C03-AE03-4F780E418DC8}.Release|x64.ActiveCfg = Release|Any CPU
		{EA27095A-2C30-4C03-AE03-4F780E418DC8}.Release|x64.Build.0 = Release|Any CPU
		{52AACF4A-7ABD-4D04-AE67-115F02FFFA6F}.Debug|Any CPU.ActiveCfg = Debug|Any CPU
		{52AACF4A-7ABD-4D04-AE67-115F02FFFA6F}.Debug|Any CPU.Build.0 = Debug|Any CPU
		{52AACF4A-7ABD-4D04-AE67-115F02FFFA6F}.Debug|Arm64.ActiveCfg = Debug|Any CPU
		{52AACF4A-7ABD-4D04-AE67-115F02FFFA6F}.Debug|Arm64.Build.0 = Debug|Any CPU
		{52AACF4A-7ABD-4D04-AE67-115F02FFFA6F}.Debug|x64.ActiveCfg = Debug|x64
		{52AACF4A-7ABD-4D04-AE67-115F02FFFA6F}.Debug|x64.Build.0 = Debug|x64
		{52AACF4A-7ABD-4D04-AE67-115F02FFFA6F}.GPU|Any CPU.ActiveCfg = Debug|Any CPU
		{52AACF4A-7ABD-4D04-AE67-115F02FFFA6F}.GPU|Any CPU.Build.0 = Debug|Any CPU
		{52AACF4A-7ABD-4D04-AE67-115F02FFFA6F}.GPU|Arm64.ActiveCfg = Debug|Any CPU
		{52AACF4A-7ABD-4D04-AE67-115F02FFFA6F}.GPU|Arm64.Build.0 = Debug|Any CPU
		{52AACF4A-7ABD-4D04-AE67-115F02FFFA6F}.GPU|x64.ActiveCfg = Debug|x64
		{52AACF4A-7ABD-4D04-AE67-115F02FFFA6F}.GPU|x64.Build.0 = Debug|x64
		{52AACF4A-7ABD-4D04-AE67-115F02FFFA6F}.Release|Any CPU.ActiveCfg = Release|Any CPU
		{52AACF4A-7ABD-4D04-AE67-115F02FFFA6F}.Release|Any CPU.Build.0 = Release|Any CPU
		{52AACF4A-7ABD-4D04-AE67-115F02FFFA6F}.Release|Arm64.ActiveCfg = Release|Any CPU
		{52AACF4A-7ABD-4D04-AE67-115F02FFFA6F}.Release|Arm64.Build.0 = Release|Any CPU
		{52AACF4A-7ABD-4D04-AE67-115F02FFFA6F}.Release|x64.ActiveCfg = Release|x64
		{52AACF4A-7ABD-4D04-AE67-115F02FFFA6F}.Release|x64.Build.0 = Release|x64
		{AEDAAF0A-A7DF-44CA-9281-42808731648C}.Debug|Any CPU.ActiveCfg = Debug|Any CPU
		{AEDAAF0A-A7DF-44CA-9281-42808731648C}.Debug|Any CPU.Build.0 = Debug|Any CPU
		{AEDAAF0A-A7DF-44CA-9281-42808731648C}.Debug|Arm64.ActiveCfg = Debug|Any CPU
		{AEDAAF0A-A7DF-44CA-9281-42808731648C}.Debug|Arm64.Build.0 = Debug|Any CPU
		{AEDAAF0A-A7DF-44CA-9281-42808731648C}.Debug|x64.ActiveCfg = Debug|Any CPU
		{AEDAAF0A-A7DF-44CA-9281-42808731648C}.Debug|x64.Build.0 = Debug|Any CPU
		{AEDAAF0A-A7DF-44CA-9281-42808731648C}.GPU|Any CPU.ActiveCfg = Debug|Any CPU
		{AEDAAF0A-A7DF-44CA-9281-42808731648C}.GPU|Any CPU.Build.0 = Debug|Any CPU
		{AEDAAF0A-A7DF-44CA-9281-42808731648C}.GPU|Arm64.ActiveCfg = Debug|Any CPU
		{AEDAAF0A-A7DF-44CA-9281-42808731648C}.GPU|Arm64.Build.0 = Debug|Any CPU
		{AEDAAF0A-A7DF-44CA-9281-42808731648C}.GPU|x64.ActiveCfg = Debug|Any CPU
		{AEDAAF0A-A7DF-44CA-9281-42808731648C}.GPU|x64.Build.0 = Debug|Any CPU
		{AEDAAF0A-A7DF-44CA-9281-42808731648C}.Release|Any CPU.ActiveCfg = Release|Any CPU
		{AEDAAF0A-A7DF-44CA-9281-42808731648C}.Release|Any CPU.Build.0 = Release|Any CPU
		{AEDAAF0A-A7DF-44CA-9281-42808731648C}.Release|Arm64.ActiveCfg = Release|Any CPU
		{AEDAAF0A-A7DF-44CA-9281-42808731648C}.Release|Arm64.Build.0 = Release|Any CPU
		{AEDAAF0A-A7DF-44CA-9281-42808731648C}.Release|x64.ActiveCfg = Release|Any CPU
		{AEDAAF0A-A7DF-44CA-9281-42808731648C}.Release|x64.Build.0 = Release|Any CPU
		{B85DE594-48EE-4E3C-8195-829F85F8D360}.Debug|Any CPU.ActiveCfg = Debug|Any CPU
		{B85DE594-48EE-4E3C-8195-829F85F8D360}.Debug|Any CPU.Build.0 = Debug|Any CPU
		{B85DE594-48EE-4E3C-8195-829F85F8D360}.Debug|Arm64.ActiveCfg = Debug|Any CPU
		{B85DE594-48EE-4E3C-8195-829F85F8D360}.Debug|Arm64.Build.0 = Debug|Any CPU
		{B85DE594-48EE-4E3C-8195-829F85F8D360}.Debug|x64.ActiveCfg = Debug|Any CPU
		{B85DE594-48EE-4E3C-8195-829F85F8D360}.Debug|x64.Build.0 = Debug|Any CPU
		{B85DE594-48EE-4E3C-8195-829F85F8D360}.GPU|Any CPU.ActiveCfg = Debug|Any CPU
		{B85DE594-48EE-4E3C-8195-829F85F8D360}.GPU|Any CPU.Build.0 = Debug|Any CPU
		{B85DE594-48EE-4E3C-8195-829F85F8D360}.GPU|Arm64.ActiveCfg = Debug|Any CPU
		{B85DE594-48EE-4E3C-8195-829F85F8D360}.GPU|Arm64.Build.0 = Debug|Any CPU
		{B85DE594-48EE-4E3C-8195-829F85F8D360}.GPU|x64.ActiveCfg = Debug|Any CPU
		{B85DE594-48EE-4E3C-8195-829F85F8D360}.GPU|x64.Build.0 = Debug|Any CPU
		{B85DE594-48EE-4E3C-8195-829F85F8D360}.Release|Any CPU.ActiveCfg = Release|Any CPU
		{B85DE594-48EE-4E3C-8195-829F85F8D360}.Release|Any CPU.Build.0 = Release|Any CPU
		{B85DE594-48EE-4E3C-8195-829F85F8D360}.Release|Arm64.ActiveCfg = Release|Any CPU
		{B85DE594-48EE-4E3C-8195-829F85F8D360}.Release|Arm64.Build.0 = Release|Any CPU
		{B85DE594-48EE-4E3C-8195-829F85F8D360}.Release|x64.ActiveCfg = Release|Any CPU
		{B85DE594-48EE-4E3C-8195-829F85F8D360}.Release|x64.Build.0 = Release|Any CPU
	EndGlobalSection
	GlobalSection(SolutionProperties) = preSolution
		HideSolutionNode = FALSE
	EndGlobalSection
	GlobalSection(NestedProjects) = preSolution
		{F9FDBF5D-D3F5-4DF8-A17A-8529EDCD7545} = {D74C876D-CE05-484D-A820-937D7B520611}
		{201CC620-E057-49EB-86C4-F3C469E810D5} = {D74C876D-CE05-484D-A820-937D7B520611}
		{21565ECF-1EB4-4576-B536-ADC6E572B962} = {D74C876D-CE05-484D-A820-937D7B520611}
		{ACA49A35-2C9B-431F-B1D8-924548DA2D3A} = {D74C876D-CE05-484D-A820-937D7B520611}
		{ACE00BF4-4A64-4A11-A59D-BD2690B37033} = {A3FEF07C-CDBF-46CB-AFCA-16660DF2967D}
		{EA27095A-2C30-4C03-AE03-4F780E418DC8} = {417F2C94-1040-435F-B453-871A13A0D978}
		{52AACF4A-7ABD-4D04-AE67-115F02FFFA6F} = {417F2C94-1040-435F-B453-871A13A0D978}
		{AEDAAF0A-A7DF-44CA-9281-42808731648C} = {A3FEF07C-CDBF-46CB-AFCA-16660DF2967D}
		{B85DE594-48EE-4E3C-8195-829F85F8D360} = {A3FEF07C-CDBF-46CB-AFCA-16660DF2967D}
	EndGlobalSection
	GlobalSection(ExtensibilityGlobals) = postSolution
		SolutionGuid = {87746B65-249E-4AD9-882B-7B919D079367}
	EndGlobalSection
EndGlobal
