
Microsoft Visual Studio Solution File, Format Version 12.00
# Visual Studio Version 17
VisualStudioVersion = 17.5.33424.131
MinimumVisualStudioVersion = 10.0.40219.1
Project("{9A19103F-16F7-4668-BE54-9A1E7A4F7556}") = "LLama.Unittest", "LLama.Unittest\LLama.Unittest.csproj", "{BAC1CFA9-E6AC-4BD0-A548-A8066D3C467E}"
EndProject
Project("{9A19103F-16F7-4668-BE54-9A1E7A4F7556}") = "LLama.Examples", "LLama.Examples\LLama.Examples.csproj", "{BD1909AD-E1F8-476E-BC49-E394FF0470CE}"
EndProject
Project("{9A19103F-16F7-4668-BE54-9A1E7A4F7556}") = "LLamaSharp", "LLama\LLamaSharp.csproj", "{01A12D68-DE95-425E-AEEE-2D099305036D}"
EndProject
Project("{9A19103F-16F7-4668-BE54-9A1E7A4F7556}") = "LLama.WebAPI", "LLama.WebAPI\LLama.WebAPI.csproj", "{D3CEC57A-9027-4DA4-AAAC-612A1EB50ADF}"
EndProject
Project("{9A19103F-16F7-4668-BE54-9A1E7A4F7556}") = "LLama.Web", "LLama.Web\LLama.Web.csproj", "{C3531DB2-1B2B-433C-8DE6-3541E3620DB1}"
EndProject
Project("{9A19103F-16F7-4668-BE54-9A1E7A4F7556}") = "LLamaSharp.SemanticKernel", "LLama.SemanticKernel\LLamaSharp.SemanticKernel.csproj", "{D98F93E3-B344-4F9D-86BB-FDBF6768B587}"
EndProject
Project("{9A19103F-16F7-4668-BE54-9A1E7A4F7556}") = "LLamaSharp.KernelMemory", "LLama.KernelMemory\LLamaSharp.KernelMemory.csproj", "{E5589AE7-B86F-4343-A1CC-8E5D34596E52}"
EndProject
Project("{9A19103F-16F7-4668-BE54-9A1E7A4F7556}") = "LLavaTest", "LlavaTest\LLavaTest.csproj", "{E202D0F6-1F0A-4540-937D-83C7F0556E36}"
EndProject
Global
	GlobalSection(SolutionConfigurationPlatforms) = preSolution
		Debug|Any CPU = Debug|Any CPU
		Debug|x64 = Debug|x64
		GPU|Any CPU = GPU|Any CPU
		GPU|x64 = GPU|x64
		Release|Any CPU = Release|Any CPU
		Release|x64 = Release|x64
	EndGlobalSection
	GlobalSection(ProjectConfigurationPlatforms) = postSolution
		{BAC1CFA9-E6AC-4BD0-A548-A8066D3C467E}.Debug|Any CPU.ActiveCfg = Debug|Any CPU
		{BAC1CFA9-E6AC-4BD0-A548-A8066D3C467E}.Debug|Any CPU.Build.0 = Debug|Any CPU
		{BAC1CFA9-E6AC-4BD0-A548-A8066D3C467E}.Debug|x64.ActiveCfg = Debug|x64
		{BAC1CFA9-E6AC-4BD0-A548-A8066D3C467E}.Debug|x64.Build.0 = Debug|x64
		{BAC1CFA9-E6AC-4BD0-A548-A8066D3C467E}.GPU|Any CPU.ActiveCfg = Release|Any CPU
		{BAC1CFA9-E6AC-4BD0-A548-A8066D3C467E}.GPU|Any CPU.Build.0 = Release|Any CPU
		{BAC1CFA9-E6AC-4BD0-A548-A8066D3C467E}.GPU|x64.ActiveCfg = Release|x64
		{BAC1CFA9-E6AC-4BD0-A548-A8066D3C467E}.GPU|x64.Build.0 = Release|x64
		{BAC1CFA9-E6AC-4BD0-A548-A8066D3C467E}.Release|Any CPU.ActiveCfg = Release|Any CPU
		{BAC1CFA9-E6AC-4BD0-A548-A8066D3C467E}.Release|Any CPU.Build.0 = Release|Any CPU
		{BAC1CFA9-E6AC-4BD0-A548-A8066D3C467E}.Release|x64.ActiveCfg = Release|x64
		{BAC1CFA9-E6AC-4BD0-A548-A8066D3C467E}.Release|x64.Build.0 = Release|x64
		{BD1909AD-E1F8-476E-BC49-E394FF0470CE}.Debug|Any CPU.ActiveCfg = Debug|Any CPU
		{BD1909AD-E1F8-476E-BC49-E394FF0470CE}.Debug|Any CPU.Build.0 = Debug|Any CPU
		{BD1909AD-E1F8-476E-BC49-E394FF0470CE}.Debug|x64.ActiveCfg = Debug|x64
		{BD1909AD-E1F8-476E-BC49-E394FF0470CE}.Debug|x64.Build.0 = Debug|x64
		{BD1909AD-E1F8-476E-BC49-E394FF0470CE}.GPU|Any CPU.ActiveCfg = Release|Any CPU
		{BD1909AD-E1F8-476E-BC49-E394FF0470CE}.GPU|Any CPU.Build.0 = Release|Any CPU
		{BD1909AD-E1F8-476E-BC49-E394FF0470CE}.GPU|x64.ActiveCfg = Release|x64
		{BD1909AD-E1F8-476E-BC49-E394FF0470CE}.GPU|x64.Build.0 = Release|x64
		{BD1909AD-E1F8-476E-BC49-E394FF0470CE}.Release|Any CPU.ActiveCfg = Release|Any CPU
		{BD1909AD-E1F8-476E-BC49-E394FF0470CE}.Release|Any CPU.Build.0 = Release|Any CPU
		{BD1909AD-E1F8-476E-BC49-E394FF0470CE}.Release|x64.ActiveCfg = Release|x64
		{BD1909AD-E1F8-476E-BC49-E394FF0470CE}.Release|x64.Build.0 = Release|x64
		{01A12D68-DE95-425E-AEEE-2D099305036D}.Debug|Any CPU.ActiveCfg = Debug|Any CPU
		{01A12D68-DE95-425E-AEEE-2D099305036D}.Debug|Any CPU.Build.0 = Debug|Any CPU
		{01A12D68-DE95-425E-AEEE-2D099305036D}.Debug|x64.ActiveCfg = Debug|x64
		{01A12D68-DE95-425E-AEEE-2D099305036D}.Debug|x64.Build.0 = Debug|x64
		{01A12D68-DE95-425E-AEEE-2D099305036D}.GPU|Any CPU.ActiveCfg = GPU|Any CPU
		{01A12D68-DE95-425E-AEEE-2D099305036D}.GPU|Any CPU.Build.0 = GPU|Any CPU
		{01A12D68-DE95-425E-AEEE-2D099305036D}.GPU|x64.ActiveCfg = GPU|x64
		{01A12D68-DE95-425E-AEEE-2D099305036D}.GPU|x64.Build.0 = GPU|x64
		{01A12D68-DE95-425E-AEEE-2D099305036D}.Release|Any CPU.ActiveCfg = Release|Any CPU
		{01A12D68-DE95-425E-AEEE-2D099305036D}.Release|Any CPU.Build.0 = Release|Any CPU
		{01A12D68-DE95-425E-AEEE-2D099305036D}.Release|x64.ActiveCfg = Release|x64
		{01A12D68-DE95-425E-AEEE-2D099305036D}.Release|x64.Build.0 = Release|x64
		{D3CEC57A-9027-4DA4-AAAC-612A1EB50ADF}.Debug|Any CPU.ActiveCfg = Debug|Any CPU
		{D3CEC57A-9027-4DA4-AAAC-612A1EB50ADF}.Debug|Any CPU.Build.0 = Debug|Any CPU
		{D3CEC57A-9027-4DA4-AAAC-612A1EB50ADF}.Debug|x64.ActiveCfg = Debug|Any CPU
		{D3CEC57A-9027-4DA4-AAAC-612A1EB50ADF}.Debug|x64.Build.0 = Debug|Any CPU
		{D3CEC57A-9027-4DA4-AAAC-612A1EB50ADF}.GPU|Any CPU.ActiveCfg = Debug|Any CPU
		{D3CEC57A-9027-4DA4-AAAC-612A1EB50ADF}.GPU|Any CPU.Build.0 = Debug|Any CPU
		{D3CEC57A-9027-4DA4-AAAC-612A1EB50ADF}.GPU|x64.ActiveCfg = Debug|Any CPU
		{D3CEC57A-9027-4DA4-AAAC-612A1EB50ADF}.GPU|x64.Build.0 = Debug|Any CPU
		{D3CEC57A-9027-4DA4-AAAC-612A1EB50ADF}.Release|Any CPU.ActiveCfg = Release|Any CPU
		{D3CEC57A-9027-4DA4-AAAC-612A1EB50ADF}.Release|Any CPU.Build.0 = Release|Any CPU
		{D3CEC57A-9027-4DA4-AAAC-612A1EB50ADF}.Release|x64.ActiveCfg = Release|Any CPU
		{D3CEC57A-9027-4DA4-AAAC-612A1EB50ADF}.Release|x64.Build.0 = Release|Any CPU
		{C3531DB2-1B2B-433C-8DE6-3541E3620DB1}.Debug|Any CPU.ActiveCfg = Debug|Any CPU
		{C3531DB2-1B2B-433C-8DE6-3541E3620DB1}.Debug|Any CPU.Build.0 = Debug|Any CPU
		{C3531DB2-1B2B-433C-8DE6-3541E3620DB1}.Debug|x64.ActiveCfg = Debug|Any CPU
		{C3531DB2-1B2B-433C-8DE6-3541E3620DB1}.Debug|x64.Build.0 = Debug|Any CPU
		{C3531DB2-1B2B-433C-8DE6-3541E3620DB1}.GPU|Any CPU.ActiveCfg = Debug|Any CPU
		{C3531DB2-1B2B-433C-8DE6-3541E3620DB1}.GPU|Any CPU.Build.0 = Debug|Any CPU
		{C3531DB2-1B2B-433C-8DE6-3541E3620DB1}.GPU|x64.ActiveCfg = Debug|Any CPU
		{C3531DB2-1B2B-433C-8DE6-3541E3620DB1}.GPU|x64.Build.0 = Debug|Any CPU
		{C3531DB2-1B2B-433C-8DE6-3541E3620DB1}.Release|Any CPU.ActiveCfg = Release|Any CPU
		{C3531DB2-1B2B-433C-8DE6-3541E3620DB1}.Release|Any CPU.Build.0 = Release|Any CPU
		{C3531DB2-1B2B-433C-8DE6-3541E3620DB1}.Release|x64.ActiveCfg = Release|Any CPU
		{C3531DB2-1B2B-433C-8DE6-3541E3620DB1}.Release|x64.Build.0 = Release|Any CPU
		{D98F93E3-B344-4F9D-86BB-FDBF6768B587}.Debug|Any CPU.ActiveCfg = Debug|Any CPU
		{D98F93E3-B344-4F9D-86BB-FDBF6768B587}.Debug|Any CPU.Build.0 = Debug|Any CPU
		{D98F93E3-B344-4F9D-86BB-FDBF6768B587}.Debug|x64.ActiveCfg = Debug|Any CPU
		{D98F93E3-B344-4F9D-86BB-FDBF6768B587}.Debug|x64.Build.0 = Debug|Any CPU
		{D98F93E3-B344-4F9D-86BB-FDBF6768B587}.GPU|Any CPU.ActiveCfg = Debug|Any CPU
		{D98F93E3-B344-4F9D-86BB-FDBF6768B587}.GPU|Any CPU.Build.0 = Debug|Any CPU
		{D98F93E3-B344-4F9D-86BB-FDBF6768B587}.GPU|x64.ActiveCfg = Debug|Any CPU
		{D98F93E3-B344-4F9D-86BB-FDBF6768B587}.GPU|x64.Build.0 = Debug|Any CPU
		{D98F93E3-B344-4F9D-86BB-FDBF6768B587}.Release|Any CPU.ActiveCfg = Release|Any CPU
		{D98F93E3-B344-4F9D-86BB-FDBF6768B587}.Release|Any CPU.Build.0 = Release|Any CPU
		{D98F93E3-B344-4F9D-86BB-FDBF6768B587}.Release|x64.ActiveCfg = Release|Any CPU
		{D98F93E3-B344-4F9D-86BB-FDBF6768B587}.Release|x64.Build.0 = Release|Any CPU
		{E5589AE7-B86F-4343-A1CC-8E5D34596E52}.Debug|Any CPU.ActiveCfg = Debug|Any CPU
		{E5589AE7-B86F-4343-A1CC-8E5D34596E52}.Debug|Any CPU.Build.0 = Debug|Any CPU
		{E5589AE7-B86F-4343-A1CC-8E5D34596E52}.Debug|x64.ActiveCfg = Debug|Any CPU
		{E5589AE7-B86F-4343-A1CC-8E5D34596E52}.Debug|x64.Build.0 = Debug|Any CPU
		{E5589AE7-B86F-4343-A1CC-8E5D34596E52}.GPU|Any CPU.ActiveCfg = Debug|Any CPU
		{E5589AE7-B86F-4343-A1CC-8E5D34596E52}.GPU|Any CPU.Build.0 = Debug|Any CPU
		{E5589AE7-B86F-4343-A1CC-8E5D34596E52}.GPU|x64.ActiveCfg = Debug|Any CPU
		{E5589AE7-B86F-4343-A1CC-8E5D34596E52}.GPU|x64.Build.0 = Debug|Any CPU
		{E5589AE7-B86F-4343-A1CC-8E5D34596E52}.Release|Any CPU.ActiveCfg = Release|Any CPU
		{E5589AE7-B86F-4343-A1CC-8E5D34596E52}.Release|Any CPU.Build.0 = Release|Any CPU
		{E5589AE7-B86F-4343-A1CC-8E5D34596E52}.Release|x64.ActiveCfg = Release|Any CPU
		{E5589AE7-B86F-4343-A1CC-8E5D34596E52}.Release|x64.Build.0 = Release|Any CPU
		{E202D0F6-1F0A-4540-937D-83C7F0556E36}.Debug|Any CPU.ActiveCfg = Debug|Any CPU
		{E202D0F6-1F0A-4540-937D-83C7F0556E36}.Debug|Any CPU.Build.0 = Debug|Any CPU
		{E202D0F6-1F0A-4540-937D-83C7F0556E36}.Debug|x64.ActiveCfg = Debug|Any CPU
		{E202D0F6-1F0A-4540-937D-83C7F0556E36}.Debug|x64.Build.0 = Debug|Any CPU
		{E202D0F6-1F0A-4540-937D-83C7F0556E36}.GPU|Any CPU.ActiveCfg = Debug|Any CPU
		{E202D0F6-1F0A-4540-937D-83C7F0556E36}.GPU|Any CPU.Build.0 = Debug|Any CPU
		{E202D0F6-1F0A-4540-937D-83C7F0556E36}.GPU|x64.ActiveCfg = Debug|Any CPU
		{E202D0F6-1F0A-4540-937D-83C7F0556E36}.GPU|x64.Build.0 = Debug|Any CPU
		{E202D0F6-1F0A-4540-937D-83C7F0556E36}.Release|Any CPU.ActiveCfg = Release|Any CPU
		{E202D0F6-1F0A-4540-937D-83C7F0556E36}.Release|Any CPU.Build.0 = Release|Any CPU
		{E202D0F6-1F0A-4540-937D-83C7F0556E36}.Release|x64.ActiveCfg = Release|Any CPU
		{E202D0F6-1F0A-4540-937D-83C7F0556E36}.Release|x64.Build.0 = Release|Any CPU
	EndGlobalSection
	GlobalSection(SolutionProperties) = preSolution
		HideSolutionNode = FALSE
	EndGlobalSection
	GlobalSection(ExtensibilityGlobals) = postSolution
		SolutionGuid = {87746B65-249E-4AD9-882B-7B919D079367}
	EndGlobalSection
EndGlobal
